
Microsoft Visual Studio Solution File, Format Version 12.00
# Visual Studio 15
VisualStudioVersion = 15.0.26124.0
MinimumVisualStudioVersion = 15.0.26124.0
Project("{FAE04EC0-301F-11D3-BF4B-00C04F79EFBC}") = "Core", "Core\Core.csproj", "{6F87CB05-C2AF-4E15-A7D5-5E0B2BC93997}"
EndProject
Project("{FAE04EC0-301F-11D3-BF4B-00C04F79EFBC}") = "Data", "Data\Data.csproj", "{05BA7307-6576-47E6-ABA2-79C6D5E4136D}"
EndProject
Project("{FAE04EC0-301F-11D3-BF4B-00C04F79EFBC}") = "Models", "Models\Models.csproj", "{985C8769-66CB-46F0-9AC3-3D0CA770ECD0}"
EndProject
Project("{FAE04EC0-301F-11D3-BF4B-00C04F79EFBC}") = "API", "API\API.csproj", "{574827A0-41B3-4087-B7B7-8EE0BF0136E4}"
EndProject
Global
	GlobalSection(SolutionConfigurationPlatforms) = preSolution
		Debug|Any CPU = Debug|Any CPU
		Debug|x64 = Debug|x64
		Debug|x86 = Debug|x86
		Release|Any CPU = Release|Any CPU
		Release|x64 = Release|x64
		Release|x86 = Release|x86
	EndGlobalSection
	GlobalSection(SolutionProperties) = preSolution
		HideSolutionNode = FALSE
	EndGlobalSection
	GlobalSection(ProjectConfigurationPlatforms) = postSolution
		{6F87CB05-C2AF-4E15-A7D5-5E0B2BC93997}.Debug|Any CPU.ActiveCfg = Debug|Any CPU
		{6F87CB05-C2AF-4E15-A7D5-5E0B2BC93997}.Debug|Any CPU.Build.0 = Debug|Any CPU
		{6F87CB05-C2AF-4E15-A7D5-5E0B2BC93997}.Debug|x64.ActiveCfg = Debug|Any CPU
		{6F87CB05-C2AF-4E15-A7D5-5E0B2BC93997}.Debug|x64.Build.0 = Debug|Any CPU
		{6F87CB05-C2AF-4E15-A7D5-5E0B2BC93997}.Debug|x86.ActiveCfg = Debug|Any CPU
		{6F87CB05-C2AF-4E15-A7D5-5E0B2BC93997}.Debug|x86.Build.0 = Debug|Any CPU
		{6F87CB05-C2AF-4E15-A7D5-5E0B2BC93997}.Release|Any CPU.ActiveCfg = Release|Any CPU
		{6F87CB05-C2AF-4E15-A7D5-5E0B2BC93997}.Release|Any CPU.Build.0 = Release|Any CPU
		{6F87CB05-C2AF-4E15-A7D5-5E0B2BC93997}.Release|x64.ActiveCfg = Release|Any CPU
		{6F87CB05-C2AF-4E15-A7D5-5E0B2BC93997}.Release|x64.Build.0 = Release|Any CPU
		{6F87CB05-C2AF-4E15-A7D5-5E0B2BC93997}.Release|x86.ActiveCfg = Release|Any CPU
		{6F87CB05-C2AF-4E15-A7D5-5E0B2BC93997}.Release|x86.Build.0 = Release|Any CPU
		{05BA7307-6576-47E6-ABA2-79C6D5E4136D}.Debug|Any CPU.ActiveCfg = Debug|Any CPU
		{05BA7307-6576-47E6-ABA2-79C6D5E4136D}.Debug|Any CPU.Build.0 = Debug|Any CPU
		{05BA7307-6576-47E6-ABA2-79C6D5E4136D}.Debug|x64.ActiveCfg = Debug|Any CPU
		{05BA7307-6576-47E6-ABA2-79C6D5E4136D}.Debug|x64.Build.0 = Debug|Any CPU
		{05BA7307-6576-47E6-ABA2-79C6D5E4136D}.Debug|x86.ActiveCfg = Debug|Any CPU
		{05BA7307-6576-47E6-ABA2-79C6D5E4136D}.Debug|x86.Build.0 = Debug|Any CPU
		{05BA7307-6576-47E6-ABA2-79C6D5E4136D}.Release|Any CPU.ActiveCfg = Release|Any CPU
		{05BA7307-6576-47E6-ABA2-79C6D5E4136D}.Release|Any CPU.Build.0 = Release|Any CPU
		{05BA7307-6576-47E6-ABA2-79C6D5E4136D}.Release|x64.ActiveCfg = Release|Any CPU
		{05BA7307-6576-47E6-ABA2-79C6D5E4136D}.Release|x64.Build.0 = Release|Any CPU
		{05BA7307-6576-47E6-ABA2-79C6D5E4136D}.Release|x86.ActiveCfg = Release|Any CPU
		{05BA7307-6576-47E6-ABA2-79C6D5E4136D}.Release|x86.Build.0 = Release|Any CPU
		{985C8769-66CB-46F0-9AC3-3D0CA770ECD0}.Debug|Any CPU.ActiveCfg = Debug|Any CPU
		{985C8769-66CB-46F0-9AC3-3D0CA770ECD0}.Debug|Any CPU.Build.0 = Debug|Any CPU
		{985C8769-66CB-46F0-9AC3-3D0CA770ECD0}.Debug|x64.ActiveCfg = Debug|Any CPU
		{985C8769-66CB-46F0-9AC3-3D0CA770ECD0}.Debug|x64.Build.0 = Debug|Any CPU
		{985C8769-66CB-46F0-9AC3-3D0CA770ECD0}.Debug|x86.ActiveCfg = Debug|Any CPU
		{985C8769-66CB-46F0-9AC3-3D0CA770ECD0}.Debug|x86.Build.0 = Debug|Any CPU
		{985C8769-66CB-46F0-9AC3-3D0CA770ECD0}.Release|Any CPU.ActiveCfg = Release|Any CPU
		{985C8769-66CB-46F0-9AC3-3D0CA770ECD0}.Release|Any CPU.Build.0 = Release|Any CPU
		{985C8769-66CB-46F0-9AC3-3D0CA770ECD0}.Release|x64.ActiveCfg = Release|Any CPU
		{985C8769-66CB-46F0-9AC3-3D0CA770ECD0}.Release|x64.Build.0 = Release|Any CPU
		{985C8769-66CB-46F0-9AC3-3D0CA770ECD0}.Release|x86.ActiveCfg = Release|Any CPU
		{985C8769-66CB-46F0-9AC3-3D0CA770ECD0}.Release|x86.Build.0 = Release|Any CPU
		{574827A0-41B3-4087-B7B7-8EE0BF0136E4}.Debug|Any CPU.ActiveCfg = Debug|Any CPU
		{574827A0-41B3-4087-B7B7-8EE0BF0136E4}.Debug|Any CPU.Build.0 = Debug|Any CPU
		{574827A0-41B3-4087-B7B7-8EE0BF0136E4}.Debug|x64.ActiveCfg = Debug|Any CPU
		{574827A0-41B3-4087-B7B7-8EE0BF0136E4}.Debug|x64.Build.0 = Debug|Any CPU
		{574827A0-41B3-4087-B7B7-8EE0BF0136E4}.Debug|x86.ActiveCfg = Debug|Any CPU
		{574827A0-41B3-4087-B7B7-8EE0BF0136E4}.Debug|x86.Build.0 = Debug|Any CPU
		{574827A0-41B3-4087-B7B7-8EE0BF0136E4}.Release|Any CPU.ActiveCfg = Release|Any CPU
		{574827A0-41B3-4087-B7B7-8EE0BF0136E4}.Release|Any CPU.Build.0 = Release|Any CPU
		{574827A0-41B3-4087-B7B7-8EE0BF0136E4}.Release|x64.ActiveCfg = Release|Any CPU
		{574827A0-41B3-4087-B7B7-8EE0BF0136E4}.Release|x64.Build.0 = Release|Any CPU
		{574827A0-41B3-4087-B7B7-8EE0BF0136E4}.Release|x86.ActiveCfg = Release|Any CPU
		{574827A0-41B3-4087-B7B7-8EE0BF0136E4}.Release|x86.Build.0 = Release|Any CPU
	EndGlobalSection
EndGlobal
